// !$*UTF8*$!
{
	archiveVersion = 1;
	classes = {
	};
	objectVersion = 46;
	objects = {

/* Begin PBXBuildFile section */
		C41581201490522800F9503C /* UIKit.framework in Frameworks */ = {isa = PBXBuildFile; fileRef = C415811F1490522800F9503C /* UIKit.framework */; };
		C41581221490522800F9503C /* Foundation.framework in Frameworks */ = {isa = PBXBuildFile; fileRef = C41581211490522800F9503C /* Foundation.framework */; };
		C41581241490522800F9503C /* CoreGraphics.framework in Frameworks */ = {isa = PBXBuildFile; fileRef = C41581231490522800F9503C /* CoreGraphics.framework */; };
		C415812A1490522800F9503C /* InfoPlist.strings in Resources */ = {isa = PBXBuildFile; fileRef = C41581281490522800F9503C /* InfoPlist.strings */; };
		C415812C1490522800F9503C /* main.m in Sources */ = {isa = PBXBuildFile; fileRef = C415812B1490522800F9503C /* main.m */; };
		C41581301490522800F9503C /* UpdatedFetcherAppDelegate.m in Sources */ = {isa = PBXBuildFile; fileRef = C415812F1490522800F9503C /* UpdatedFetcherAppDelegate.m */; };
		C41581331490522800F9503C /* MainStoryboard.storyboard in Resources */ = {isa = PBXBuildFile; fileRef = C41581311490522800F9503C /* MainStoryboard.storyboard */; };
		C41581361490522800F9503C /* UpdatedFetcherViewController.m in Sources */ = {isa = PBXBuildFile; fileRef = C41581351490522800F9503C /* UpdatedFetcherViewController.m */; };
/* End PBXBuildFile section */

/* Begin PBXFileReference section */
		C415811B1490522800F9503C /* UpdatedFetcher.app */ = {isa = PBXFileReference; explicitFileType = wrapper.application; includeInIndex = 0; path = UpdatedFetcher.app; sourceTree = BUILT_PRODUCTS_DIR; };
		C415811F1490522800F9503C /* UIKit.framework */ = {isa = PBXFileReference; lastKnownFileType = wrapper.framework; name = UIKit.framework; path = System/Library/Frameworks/UIKit.framework; sourceTree = SDKROOT; };
		C41581211490522800F9503C /* Foundation.framework */ = {isa = PBXFileReference; lastKnownFileType = wrapper.framework; name = Foundation.framework; path = System/Library/Frameworks/Foundation.framework; sourceTree = SDKROOT; };
		C41581231490522800F9503C /* CoreGraphics.framework */ = {isa = PBXFileReference; lastKnownFileType = wrapper.framework; name = CoreGraphics.framework; path = System/Library/Frameworks/CoreGraphics.framework; sourceTree = SDKROOT; };
		C41581271490522800F9503C /* UpdatedFetcher-Info.plist */ = {isa = PBXFileReference; path = "UpdatedFetcher-Info.plist"; sourceTree = "<group>"; };
		C41581291490522800F9503C /* en */ = {isa = PBXFileReference; lastKnownFileType = text.plist.strings; name = en; path = en.lproj/InfoPlist.strings; sourceTree = "<group>"; };
		C415812B1490522800F9503C /* main.m */ = {isa = PBXFileReference; lastKnownFileType = sourcecode.c.objc; path = main.m; sourceTree = "<group>"; };
		C415812D1490522800F9503C /* UpdatedFetcher-Prefix.pch */ = {isa = PBXFileReference; path = "UpdatedFetcher-Prefix.pch"; sourceTree = "<group>"; };
		C415812E1490522800F9503C /* UpdatedFetcherAppDelegate.h */ = {isa = PBXFileReference; path = UpdatedFetcherAppDelegate.h; sourceTree = "<group>"; };
		C415812F1490522800F9503C /* UpdatedFetcherAppDelegate.m */ = {isa = PBXFileReference; lastKnownFileType = sourcecode.c.objc; path = UpdatedFetcherAppDelegate.m; sourceTree = "<group>"; };
		C41581321490522800F9503C /* en */ = {isa = PBXFileReference; lastKnownFileType = file.storyboard; name = en; path = en.lproj/MainStoryboard.storyboard; sourceTree = "<group>"; };
		C41581341490522800F9503C /* UpdatedFetcherViewController.h */ = {isa = PBXFileReference; path = UpdatedFetcherViewController.h; sourceTree = "<group>"; };
		C41581351490522800F9503C /* UpdatedFetcherViewController.m */ = {isa = PBXFileReference; lastKnownFileType = sourcecode.c.objc; path = UpdatedFetcherViewController.m; sourceTree = "<group>"; };
/* End PBXFileReference section */

/* Begin PBXFrameworksBuildPhase section */
		C41581181490522800F9503C /* Frameworks */ = {
			isa = PBXFrameworksBuildPhase;
			buildActionMask = 2147483647;
			files = (
				C41581201490522800F9503C /* UIKit.framework in Frameworks */,
				C41581221490522800F9503C /* Foundation.framework in Frameworks */,
				C41581241490522800F9503C /* CoreGraphics.framework in Frameworks */,
			);
			runOnlyForDeploymentPostprocessing = 0;
		};
/* End PBXFrameworksBuildPhase section */

/* Begin PBXGroup section */
		C41581101490522800F9503C = {
			isa = PBXGroup;
			children = (
				C41581251490522800F9503C /* UpdatedFetcher */,
				C415811E1490522800F9503C /* Frameworks */,
				C415811C1490522800F9503C /* Products */,
			);
			sourceTree = "<group>";
		};
		C415811C1490522800F9503C /* Products */ = {
			isa = PBXGroup;
			children = (
				C415811B1490522800F9503C /* UpdatedFetcher.app */,
			);
			name = Products;
			sourceTree = "<group>";
		};
		C415811E1490522800F9503C /* Frameworks */ = {
			isa = PBXGroup;
			children = (
				C415811F1490522800F9503C /* UIKit.framework */,
				C41581211490522800F9503C /* Foundation.framework */,
				C41581231490522800F9503C /* CoreGraphics.framework */,
			);
			name = Frameworks;
			sourceTree = "<group>";
		};
		C41581251490522800F9503C /* UpdatedFetcher */ = {
			isa = PBXGroup;
			children = (
				C415812E1490522800F9503C /* UpdatedFetcherAppDelegate.h */,
				C415812F1490522800F9503C /* UpdatedFetcherAppDelegate.m */,
				C41581311490522800F9503C /* MainStoryboard.storyboard */,
				C41581341490522800F9503C /* UpdatedFetcherViewController.h */,
				C41581351490522800F9503C /* UpdatedFetcherViewController.m */,
				C41581261490522800F9503C /* Supporting Files */,
			);
			path = UpdatedFetcher;
			sourceTree = "<group>";
		};
		C41581261490522800F9503C /* Supporting Files */ = {
			isa = PBXGroup;
			children = (
				C41581271490522800F9503C /* UpdatedFetcher-Info.plist */,
				C41581281490522800F9503C /* InfoPlist.strings */,
				C415812B1490522800F9503C /* main.m */,
				C415812D1490522800F9503C /* UpdatedFetcher-Prefix.pch */,
			);
			name = "Supporting Files";
			sourceTree = "<group>";
		};
/* End PBXGroup section */

/* Begin PBXNativeTarget section */
		C415811A1490522800F9503C /* UpdatedFetcher */ = {
			isa = PBXNativeTarget;
			buildConfigurationList = C41581391490522800F9503C /* Build configuration list for PBXNativeTarget "UpdatedFetcher" */;
			buildPhases = (
				C41581171490522800F9503C /* Sources */,
				C41581181490522800F9503C /* Frameworks */,
				C41581191490522800F9503C /* Resources */,
			);
			buildRules = (
			);
			dependencies = (
			);
			name = UpdatedFetcher;
			productName = UpdatedFetcher;
			productReference = C415811B1490522800F9503C /* UpdatedFetcher.app */;
			productType = "com.apple.product-type.application";
		};
/* End PBXNativeTarget section */

/* Begin PBXProject section */
		C41581121490522800F9503C /* Project object */ = {
			isa = PBXProject;
			attributes = {
				LastUpgradeCheck = 0420;
				ORGANIZATIONNAME = "Pumba Hax";
			};
			buildConfigurationList = C41581151490522800F9503C /* Build configuration list for PBXProject "UpdatedFetcher" */;
			compatibilityVersion = "Xcode 3.2";
			developmentRegion = English;
			hasScannedForEncodings = 0;
			knownRegions = (
				en,
			);
			mainGroup = C41581101490522800F9503C;
			productRefGroup = C415811C1490522800F9503C /* Products */;
			projectDirPath = "";
			projectRoot = "";
			targets = (
				C415811A1490522800F9503C /* UpdatedFetcher */,
			);
		};
/* End PBXProject section */

/* Begin PBXResourcesBuildPhase section */
		C41581191490522800F9503C /* Resources */ = {
			isa = PBXResourcesBuildPhase;
			buildActionMask = 2147483647;
			files = (
				C415812A1490522800F9503C /* InfoPlist.strings in Resources */,
				C41581331490522800F9503C /* MainStoryboard.storyboard in Resources */,
			);
			runOnlyForDeploymentPostprocessing = 0;
		};
/* End PBXResourcesBuildPhase section */

/* Begin PBXSourcesBuildPhase section */
		C41581171490522800F9503C /* Sources */ = {
			isa = PBXSourcesBuildPhase;
			buildActionMask = 2147483647;
			files = (
				C415812C1490522800F9503C /* main.m in Sources */,
				C41581301490522800F9503C /* UpdatedFetcherAppDelegate.m in Sources */,
				C41581361490522800F9503C /* UpdatedFetcherViewController.m in Sources */,
			);
			runOnlyForDeploymentPostprocessing = 0;
		};
/* End PBXSourcesBuildPhase section */

/* Begin PBXVariantGroup section */
		C41581281490522800F9503C /* InfoPlist.strings */ = {
			isa = PBXVariantGroup;
			children = (
				C41581291490522800F9503C /* en */,
			);
			name = InfoPlist.strings;
			sourceTree = "<group>";
		};
		C41581311490522800F9503C /* MainStoryboard.storyboard */ = {
			isa = PBXVariantGroup;
			children = (
				C41581321490522800F9503C /* en */,
			);
			name = MainStoryboard.storyboard;
			sourceTree = "<group>";
		};
/* End PBXVariantGroup section */

/* Begin XCBuildConfiguration section */
		C41581371490522800F9503C /* Debug */ = {
			isa = XCBuildConfiguration;
			buildSettings = {
				ALWAYS_SEARCH_USER_PATHS = NO;
				ARCHS = "$(ARCHS_STANDARD_32_BIT)";
				CLANG_ENABLE_OBJC_ARC = YES;
				"CODE_SIGN_IDENTITY[sdk=iphoneos*]" = "iPhone Developer";
				COPY_PHASE_STRIP = NO;
				GCC_C_LANGUAGE_STANDARD = gnu99;
				GCC_DYNAMIC_NO_PIC = NO;
				GCC_OPTIMIZATION_LEVEL = 0;
				GCC_PREPROCESSOR_DEFINITIONS = (
					"DEBUG=1",
					"$(inherited)",
				);
				GCC_SYMBOLS_PRIVATE_EXTERN = NO;
				GCC_VERSION = com.apple.compilers.llvm.clang.1_0;
				GCC_WARN_ABOUT_MISSING_PROTOTYPES = YES;
				GCC_WARN_ABOUT_RETURN_TYPE = YES;
				GCC_WARN_UNUSED_VARIABLE = YES;
				IPHONEOS_DEPLOYMENT_TARGET = 5.0;
				SDKROOT = iphoneos;
			};
			name = Debug;
		};
		C41581381490522800F9503C /* Release */ = {
			isa = XCBuildConfiguration;
			buildSettings = {
				ALWAYS_SEARCH_USER_PATHS = NO;
				ARCHS = "$(ARCHS_STANDARD_32_BIT)";
				CLANG_ENABLE_OBJC_ARC = YES;
				"CODE_SIGN_IDENTITY[sdk=iphoneos*]" = "iPhone Developer";
				COPY_PHASE_STRIP = YES;
				GCC_C_LANGUAGE_STANDARD = gnu99;
				GCC_VERSION = com.apple.compilers.llvm.clang.1_0;
				GCC_WARN_ABOUT_MISSING_PROTOTYPES = YES;
				GCC_WARN_ABOUT_RETURN_TYPE = YES;
				GCC_WARN_UNUSED_VARIABLE = YES;
				IPHONEOS_DEPLOYMENT_TARGET = 5.0;
				OTHER_CFLAGS = "-DNS_BLOCK_ASSERTIONS=1";
				SDKROOT = iphoneos;
				VALIDATE_PRODUCT = YES;
			};
			name = Release;
		};
		C415813A1490522800F9503C /* Debug */ = {
			isa = XCBuildConfiguration;
			buildSettings = {
				GCC_PRECOMPILE_PREFIX_HEADER = YES;
				GCC_PREFIX_HEADER = "UpdatedFetcher/UpdatedFetcher-Prefix.pch";
				INFOPLIST_FILE = "UpdatedFetcher/UpdatedFetcher-Info.plist";
				PRODUCT_NAME = "$(TARGET_NAME)";
				WRAPPER_EXTENSION = app;
			};
			name = Debug;
		};
		C415813B1490522800F9503C /* Release */ = {
			isa = XCBuildConfiguration;
			buildSettings = {
				GCC_PRECOMPILE_PREFIX_HEADER = YES;
				GCC_PREFIX_HEADER = "UpdatedFetcher/UpdatedFetcher-Prefix.pch";
				INFOPLIST_FILE = "UpdatedFetcher/UpdatedFetcher-Info.plist";
				PRODUCT_NAME = "$(TARGET_NAME)";
				WRAPPER_EXTENSION = app;
			};
			name = Release;
		};
/* End XCBuildConfiguration section */

/* Begin XCConfigurationList section */
		C41581151490522800F9503C /* Build configuration list for PBXProject "UpdatedFetcher" */ = {
			isa = XCConfigurationList;
			buildConfigurations = (
				C41581371490522800F9503C /* Debug */,
				C41581381490522800F9503C /* Release */,
			);
			defaultConfigurationIsVisible = 0;
			defaultConfigurationName = Release;
		};
		C41581391490522800F9503C /* Build configuration list for PBXNativeTarget "UpdatedFetcher" */ = {
			isa = XCConfigurationList;
			buildConfigurations = (
				C415813A1490522800F9503C /* Debug */,
				C415813B1490522800F9503C /* Release */,
			);
			defaultConfigurationIsVisible = 0;
		};
/* End XCConfigurationList section */
	};
	rootObject = C41581121490522800F9503C /* Project object */;
}
